// !$*UTF8*$!
{
	archiveVersion = 1;
	classes = {
	};
	objectVersion = 50;
	objects = {

/* Begin PBXBuildFile section */
		8D02FEAB23082AE1008C2553 /* AppDelegate.swift in Sources */ = {isa = PBXBuildFile; fileRef = 8D02FEAA23082AE1008C2553 /* AppDelegate.swift */; };
		8D02FEAD23082AE1008C2553 /* SceneDelegate.swift in Sources */ = {isa = PBXBuildFile; fileRef = 8D02FEAC23082AE1008C2553 /* SceneDelegate.swift */; };
		8D02FEAF23082AE1008C2553 /* ViewController.swift in Sources */ = {isa = PBXBuildFile; fileRef = 8D02FEAE23082AE1008C2553 /* ViewController.swift */; };
		8D02FEB223082AE1008C2553 /* Main.storyboard in Resources */ = {isa = PBXBuildFile; fileRef = 8D02FEB023082AE1008C2553 /* Main.storyboard */; };
		8D02FEB423082AE3008C2553 /* Assets.xcassets in Resources */ = {isa = PBXBuildFile; fileRef = 8D02FEB323082AE3008C2553 /* Assets.xcassets */; };
		8D02FEB723082AE3008C2553 /* LaunchScreen.storyboard in Resources */ = {isa = PBXBuildFile; fileRef = 8D02FEB523082AE3008C2553 /* LaunchScreen.storyboard */; };
		8D02FEC023082C57008C2553 /* Weather.swift in Sources */ = {isa = PBXBuildFile; fileRef = 8D02FEBF23082C57008C2553 /* Weather.swift */; };
		8D02FEC323082EBF008C2553 /* Webservice.swift in Sources */ = {isa = PBXBuildFile; fileRef = 8D02FEC223082EBF008C2553 /* Webservice.swift */; };
		8D02FEC623082EE2008C2553 /* Constants.swift in Sources */ = {isa = PBXBuildFile; fileRef = 8D02FEC523082EE2008C2553 /* Constants.swift */; };
/* End PBXBuildFile section */

/* Begin PBXFileReference section */
		8D02FEA723082AE1008C2553 /* WeatherApp.app */ = {isa = PBXFileReference; explicitFileType = wrapper.application; includeInIndex = 0; path = WeatherApp.app; sourceTree = BUILT_PRODUCTS_DIR; };
		8D02FEAA23082AE1008C2553 /* AppDelegate.swift */ = {isa = PBXFileReference; lastKnownFileType = sourcecode.swift; path = AppDelegate.swift; sourceTree = "<group>"; };
		8D02FEAC23082AE1008C2553 /* SceneDelegate.swift */ = {isa = PBXFileReference; lastKnownFileType = sourcecode.swift; path = SceneDelegate.swift; sourceTree = "<group>"; };
		8D02FEAE23082AE1008C2553 /* ViewController.swift */ = {isa = PBXFileReference; lastKnownFileType = sourcecode.swift; path = ViewController.swift; sourceTree = "<group>"; };
		8D02FEB123082AE1008C2553 /* Base */ = {isa = PBXFileReference; lastKnownFileType = file.storyboard; name = Base; path = Base.lproj/Main.storyboard; sourceTree = "<group>"; };
		8D02FEB323082AE3008C2553 /* Assets.xcassets */ = {isa = PBXFileReference; lastKnownFileType = folder.assetcatalog; path = Assets.xcassets; sourceTree = "<group>"; };
		8D02FEB623082AE3008C2553 /* Base */ = {isa = PBXFileReference; lastKnownFileType = file.storyboard; name = Base; path = Base.lproj/LaunchScreen.storyboard; sourceTree = "<group>"; };
		8D02FEB823082AE3008C2553 /* Info.plist */ = {isa = PBXFileReference; lastKnownFileType = text.plist.xml; path = Info.plist; sourceTree = "<group>"; };
		8D02FEBF23082C57008C2553 /* Weather.swift */ = {isa = PBXFileReference; lastKnownFileType = sourcecode.swift; path = Weather.swift; sourceTree = "<group>"; };
		8D02FEC223082EBF008C2553 /* Webservice.swift */ = {isa = PBXFileReference; lastKnownFileType = sourcecode.swift; path = Webservice.swift; sourceTree = "<group>"; };
		8D02FEC523082EE2008C2553 /* Constants.swift */ = {isa = PBXFileReference; lastKnownFileType = sourcecode.swift; path = Constants.swift; sourceTree = "<group>"; };
/* End PBXFileReference section */

/* Begin PBXFrameworksBuildPhase section */
		8D02FEA423082AE1008C2553 /* Frameworks */ = {
			isa = PBXFrameworksBuildPhase;
			buildActionMask = 2147483647;
			files = (
			);
			runOnlyForDeploymentPostprocessing = 0;
		};
/* End PBXFrameworksBuildPhase section */

/* Begin PBXGroup section */
		8D02FE9E23082AE1008C2553 = {
			isa = PBXGroup;
			children = (
				8D02FEA923082AE1008C2553 /* WeatherApp */,
				8D02FEA823082AE1008C2553 /* Products */,
			);
			sourceTree = "<group>";
		};
		8D02FEA823082AE1008C2553 /* Products */ = {
			isa = PBXGroup;
			children = (
				8D02FEA723082AE1008C2553 /* WeatherApp.app */,
			);
			name = Products;
			sourceTree = "<group>";
		};
		8D02FEA923082AE1008C2553 /* WeatherApp */ = {
			isa = PBXGroup;
			children = (
				8D02FEC423082ED4008C2553 /* Utils */,
				8D02FEC123082EAF008C2553 /* Services */,
				8D02FEBE23082C44008C2553 /* Models */,
				8D02FEAA23082AE1008C2553 /* AppDelegate.swift */,
				8D02FEAC23082AE1008C2553 /* SceneDelegate.swift */,
				8D02FEAE23082AE1008C2553 /* ViewController.swift */,
				8D02FEB023082AE1008C2553 /* Main.storyboard */,
				8D02FEB323082AE3008C2553 /* Assets.xcassets */,
				8D02FEB523082AE3008C2553 /* LaunchScreen.storyboard */,
				8D02FEB823082AE3008C2553 /* Info.plist */,
			);
			path = WeatherApp;
			sourceTree = "<group>";
		};
		8D02FEBE23082C44008C2553 /* Models */ = {
			isa = PBXGroup;
			children = (
				8D02FEBF23082C57008C2553 /* Weather.swift */,
			);
			path = Models;
			sourceTree = "<group>";
		};
		8D02FEC123082EAF008C2553 /* Services */ = {
			isa = PBXGroup;
			children = (
				8D02FEC223082EBF008C2553 /* Webservice.swift */,
			);
			path = Services;
			sourceTree = "<group>";
		};
		8D02FEC423082ED4008C2553 /* Utils */ = {
			isa = PBXGroup;
			children = (
				8D02FEC523082EE2008C2553 /* Constants.swift */,
			);
			path = Utils;
			sourceTree = "<group>";
		};
/* End PBXGroup section */

/* Begin PBXNativeTarget section */
		8D02FEA623082AE1008C2553 /* WeatherApp */ = {
			isa = PBXNativeTarget;
			buildConfigurationList = 8D02FEBB23082AE3008C2553 /* Build configuration list for PBXNativeTarget "WeatherApp" */;
			buildPhases = (
				8D02FEA323082AE1008C2553 /* Sources */,
				8D02FEA423082AE1008C2553 /* Frameworks */,
				8D02FEA523082AE1008C2553 /* Resources */,
			);
			buildRules = (
			);
			dependencies = (
			);
			name = WeatherApp;
			productName = WeatherApp;
			productReference = 8D02FEA723082AE1008C2553 /* WeatherApp.app */;
			productType = "com.apple.product-type.application";
		};
/* End PBXNativeTarget section */

/* Begin PBXProject section */
		8D02FE9F23082AE1008C2553 /* Project object */ = {
			isa = PBXProject;
			attributes = {
				LastSwiftUpdateCheck = 1100;
				LastUpgradeCheck = 1240;
				ORGANIZATIONNAME = "Mohammad Azam";
				TargetAttributes = {
					8D02FEA623082AE1008C2553 = {
						CreatedOnToolsVersion = 11.0;
					};
				};
			};
			buildConfigurationList = 8D02FEA223082AE1008C2553 /* Build configuration list for PBXProject "WeatherApp" */;
			compatibilityVersion = "Xcode 9.3";
			developmentRegion = en;
			hasScannedForEncodings = 0;
			knownRegions = (
				en,
				Base,
			);
			mainGroup = 8D02FE9E23082AE1008C2553;
			productRefGroup = 8D02FEA823082AE1008C2553 /* Products */;
			projectDirPath = "";
			projectRoot = "";
			targets = (
				8D02FEA623082AE1008C2553 /* WeatherApp */,
			);
		};
/* End PBXProject section */

/* Begin PBXResourcesBuildPhase section */
		8D02FEA523082AE1008C2553 /* Resources */ = {
			isa = PBXResourcesBuildPhase;
			buildActionMask = 2147483647;
			files = (
				8D02FEB723082AE3008C2553 /* LaunchScreen.storyboard in Resources */,
				8D02FEB423082AE3008C2553 /* Assets.xcassets in Resources */,
				8D02FEB223082AE1008C2553 /* Main.storyboard in Resources */,
			);
			runOnlyForDeploymentPostprocessing = 0;
		};
/* End PBXResourcesBuildPhase section */

/* Begin PBXSourcesBuildPhase section */
		8D02FEA323082AE1008C2553 /* Sources */ = {
			isa = PBXSourcesBuildPhase;
			buildActionMask = 2147483647;
			files = (
				8D02FEC023082C57008C2553 /* Weather.swift in Sources */,
				8D02FEAF23082AE1008C2553 /* ViewController.swift in Sources */,
				8D02FEAB23082AE1008C2553 /* AppDelegate.swift in Sources */,
				8D02FEC323082EBF008C2553 /* Webservice.swift in Sources */,
				8D02FEAD23082AE1008C2553 /* SceneDelegate.swift in Sources */,
				8D02FEC623082EE2008C2553 /* Constants.swift in Sources */,
			);
			runOnlyForDeploymentPostprocessing = 0;
		};
/* End PBXSourcesBuildPhase section */

/* Begin PBXVariantGroup section */
		8D02FEB023082AE1008C2553 /* Main.storyboard */ = {
			isa = PBXVariantGroup;
			children = (
				8D02FEB123082AE1008C2553 /* Base */,
			);
			name = Main.storyboard;
			sourceTree = "<group>";
		};
		8D02FEB523082AE3008C2553 /* LaunchScreen.storyboard */ = {
			isa = PBXVariantGroup;
			children = (
				8D02FEB623082AE3008C2553 /* Base */,
			);
			name = LaunchScreen.storyboard;
			sourceTree = "<group>";
		};
/* End PBXVariantGroup section */

/* Begin XCBuildConfiguration section */
		8D02FEB923082AE3008C2553 /* Debug */ = {
			isa = XCBuildConfiguration;
			buildSettings = {
				ALWAYS_SEARCH_USER_PATHS = NO;
				CLANG_ANALYZER_NONNULL = YES;
				CLANG_ANALYZER_NUMBER_OBJECT_CONVERSION = YES_AGGRESSIVE;
				CLANG_CXX_LANGUAGE_STANDARD = "gnu++14";
				CLANG_CXX_LIBRARY = "libc++";
				CLANG_ENABLE_MODULES = YES;
				CLANG_ENABLE_OBJC_ARC = YES;
				CLANG_ENABLE_OBJC_WEAK = YES;
				CLANG_WARN_BLOCK_CAPTURE_AUTORELEASING = YES;
				CLANG_WARN_BOOL_CONVERSION = YES;
				CLANG_WARN_COMMA = YES;
				CLANG_WARN_CONSTANT_CONVERSION = YES;
				CLANG_WARN_DEPRECATED_OBJC_IMPLEMENTATIONS = YES;
				CLANG_WARN_DIRECT_OBJC_ISA_USAGE = YES_ERROR;
				CLANG_WARN_DOCUMENTATION_COMMENTS = YES;
				CLANG_WARN_EMPTY_BODY = YES;
				CLANG_WARN_ENUM_CONVERSION = YES;
				CLANG_WARN_INFINITE_RECURSION = YES;
				CLANG_WARN_INT_CONVERSION = YES;
				CLANG_WARN_NON_LITERAL_NULL_CONVERSION = YES;
				CLANG_WARN_OBJC_IMPLICIT_RETAIN_SELF = YES;
				CLANG_WARN_OBJC_LITERAL_CONVERSION = YES;
				CLANG_WARN_OBJC_ROOT_CLASS = YES_ERROR;
				CLANG_WARN_QUOTED_INCLUDE_IN_FRAMEWORK_HEADER = YES;
				CLANG_WARN_RANGE_LOOP_ANALYSIS = YES;
				CLANG_WARN_STRICT_PROTOTYPES = YES;
				CLANG_WARN_SUSPICIOUS_MOVE = YES;
				CLANG_WARN_UNGUARDED_AVAILABILITY = YES_AGGRESSIVE;
				CLANG_WARN_UNREACHABLE_CODE = YES;
				CLANG_WARN__DUPLICATE_METHOD_MATCH = YES;
				COPY_PHASE_STRIP = NO;
				DEBUG_INFORMATION_FORMAT = dwarf;
				ENABLE_STRICT_OBJC_MSGSEND = YES;
				ENABLE_TESTABILITY = YES;
				GCC_C_LANGUAGE_STANDARD = gnu11;
				GCC_DYNAMIC_NO_PIC = NO;
				GCC_NO_COMMON_BLOCKS = YES;
				GCC_OPTIMIZATION_LEVEL = 0;
				GCC_PREPROCESSOR_DEFINITIONS = (
					"DEBUG=1",
					"$(inherited)",
				);
				GCC_WARN_64_TO_32_BIT_CONVERSION = YES;
				GCC_WARN_ABOUT_RETURN_TYPE = YES_ERROR;
				GCC_WARN_UNDECLARED_SELECTOR = YES;
				GCC_WARN_UNINITIALIZED_AUTOS = YES_AGGRESSIVE;
				GCC_WARN_UNUSED_FUNCTION = YES;
				GCC_WARN_UNUSED_VARIABLE = YES;
				IPHONEOS_DEPLOYMENT_TARGET = 13.0;
				MTL_ENABLE_DEBUG_INFO = INCLUDE_SOURCE;
				MTL_FAST_MATH = YES;
				ONLY_ACTIVE_ARCH = YES;
				SDKROOT = iphoneos;
				SWIFT_ACTIVE_COMPILATION_CONDITIONS = DEBUG;
				SWIFT_OPTIMIZATION_LEVEL = "-Onone";
			};
			name = Debug;
		};
		8D02FEBA23082AE3008C2553 /* Release */ = {
			isa = XCBuildConfiguration;
			buildSettings = {
				ALWAYS_SEARCH_USER_PATHS = NO;
				CLANG_ANALYZER_NONNULL = YES;
				CLANG_ANALYZER_NUMBER_OBJECT_CONVERSION = YES_AGGRESSIVE;
				CLANG_CXX_LANGUAGE_STANDARD = "gnu++14";
				CLANG_CXX_LIBRARY = "libc++";
				CLANG_ENABLE_MODULES = YES;
				CLANG_ENABLE_OBJC_ARC = YES;
				CLANG_ENABLE_OBJC_WEAK = YES;
				CLANG_WARN_BLOCK_CAPTURE_AUTORELEASING = YES;
				CLANG_WARN_BOOL_CONVERSION = YES;
				CLANG_WARN_COMMA = YES;
				CLANG_WARN_CONSTANT_CONVERSION = YES;
				CLANG_WARN_DEPRECATED_OBJC_IMPLEMENTATIONS = YES;
				CLANG_WARN_DIRECT_OBJC_ISA_USAGE = YES_ERROR;
				CLANG_WARN_DOCUMENTATION_COMMENTS = YES;
				CLANG_WARN_EMPTY_BODY = YES;
				CLANG_WARN_ENUM_CONVERSION = YES;
				CLANG_WARN_INFINITE_RECURSION = YES;
				CLANG_WARN_INT_CONVERSION = YES;
				CLANG_WARN_NON_LITERAL_NULL_CONVERSION = YES;
				CLANG_WARN_OBJC_IMPLICIT_RETAIN_SELF = YES;
				CLANG_WARN_OBJC_LITERAL_CONVERSION = YES;
				CLANG_WARN_OBJC_ROOT_CLASS = YES_ERROR;
				CLANG_WARN_QUOTED_INCLUDE_IN_FRAMEWORK_HEADER = YES;
				CLANG_WARN_RANGE_LOOP_ANALYSIS = YES;
				CLANG_WARN_STRICT_PROTOTYPES = YES;
				CLANG_WARN_SUSPICIOUS_MOVE = YES;
				CLANG_WARN_UNGUARDED_AVAILABILITY = YES_AGGRESSIVE;
				CLANG_WARN_UNREACHABLE_CODE = YES;
				CLANG_WARN__DUPLICATE_METHOD_MATCH = YES;
				COPY_PHASE_STRIP = NO;
				DEBUG_INFORMATION_FORMAT = "dwarf-with-dsym";
				ENABLE_NS_ASSERTIONS = NO;
				ENABLE_STRICT_OBJC_MSGSEND = YES;
				GCC_C_LANGUAGE_STANDARD = gnu11;
				GCC_NO_COMMON_BLOCKS = YES;
				GCC_WARN_64_TO_32_BIT_CONVERSION = YES;
				GCC_WARN_ABOUT_RETURN_TYPE = YES_ERROR;
				GCC_WARN_UNDECLARED_SELECTOR = YES;
				GCC_WARN_UNINITIALIZED_AUTOS = YES_AGGRESSIVE;
				GCC_WARN_UNUSED_FUNCTION = YES;
				GCC_WARN_UNUSED_VARIABLE = YES;
				IPHONEOS_DEPLOYMENT_TARGET = 13.0;
				MTL_ENABLE_DEBUG_INFO = NO;
				MTL_FAST_MATH = YES;
				SDKROOT = iphoneos;
				SWIFT_COMPILATION_MODE = wholemodule;
				SWIFT_OPTIMIZATION_LEVEL = "-O";
				VALIDATE_PRODUCT = YES;
			};
			name = Release;
		};
		8D02FEBC23082AE3008C2553 /* Debug */ = {
			isa = XCBuildConfiguration;
			buildSettings = {
				ASSETCATALOG_COMPILER_APPICON_NAME = AppIcon;
				CODE_SIGN_STYLE = Automatic;
				DEVELOPMENT_TEAM = B2Q8EGNCQA;
				INFOPLIST_FILE = WeatherApp/Info.plist;
				LD_RUNPATH_SEARCH_PATHS = (
					"$(inherited)",
					"@executable_path/Frameworks",
				);
				PRODUCT_BUNDLE_IDENTIFIER = com.azamsharp.WeatherApp;
				PRODUCT_NAME = "$(TARGET_NAME)";
				SWIFT_VERSION = 5.0;
				TARGETED_DEVICE_FAMILY = "1,2";
			};
			name = Debug;
		};
		8D02FEBD23082AE3008C2553 /* Release */ = {
			isa = XCBuildConfiguration;
			buildSettings = {
				ASSETCATALOG_COMPILER_APPICON_NAME = AppIcon;
				CODE_SIGN_STYLE = Automatic;
				DEVELOPMENT_TEAM = B2Q8EGNCQA;
				INFOPLIST_FILE = WeatherApp/Info.plist;
				LD_RUNPATH_SEARCH_PATHS = (
					"$(inherited)",
					"@executable_path/Frameworks",
				);
				PRODUCT_BUNDLE_IDENTIFIER = com.azamsharp.WeatherApp;
				PRODUCT_NAME = "$(TARGET_NAME)";
				SWIFT_VERSION = 5.0;
				TARGETED_DEVICE_FAMILY = "1,2";
			};
			name = Release;
		};
/* End XCBuildConfiguration section */

/* Begin XCConfigurationList section */
		8D02FEA223082AE1008C2553 /* Build configuration list for PBXProject "WeatherApp" */ = {
			isa = XCConfigurationList;
			buildConfigurations = (
				8D02FEB923082AE3008C2553 /* Debug */,
				8D02FEBA23082AE3008C2553 /* Release */,
			);
			defaultConfigurationIsVisible = 0;
			defaultConfigurationName = Release;
		};
		8D02FEBB23082AE3008C2553 /* Build configuration list for PBXNativeTarget "WeatherApp" */ = {
			isa = XCConfigurationList;
			buildConfigurations = (
				8D02FEBC23082AE3008C2553 /* Debug */,
				8D02FEBD23082AE3008C2553 /* Release */,
			);
			defaultConfigurationIsVisible = 0;
			defaultConfigurationName = Release;
		};
/* End XCConfigurationList section */
	};
	rootObject = 8D02FE9F23082AE1008C2553 /* Project object */;
}
